// !$*UTF8*$!
{
	archiveVersion = 1;
	classes = {
	};
	objectVersion = 46;
	objects = {

/* Begin PBXBuildFile section */
		5D0C57B31AE78D3E000530C3 /* LoadMoreViewInTopVC.m in Sources */ = {isa = PBXBuildFile; fileRef = 5D0C57B21AE78D3E000530C3 /* LoadMoreViewInTopVC.m */; };
		5D0C57B71AE78D9F000530C3 /* LoadMoreViewInTopVC.xib in Resources */ = {isa = PBXBuildFile; fileRef = 5D0C57B61AE78D9F000530C3 /* LoadMoreViewInTopVC.xib */; };
		5D0FEF3A1ADE046E00AA5A47 /* CoreTelephony.framework in Frameworks */ = {isa = PBXBuildFile; fileRef = 5D0FEF391ADE046E00AA5A47 /* CoreTelephony.framework */; };
		5D0FEF421ADE3EF800AA5A47 /* ChooseAlert.xib in Resources */ = {isa = PBXBuildFile; fileRef = 5D0FEF411ADE3EF800AA5A47 /* ChooseAlert.xib */; };
		5D0FEF451ADE43E700AA5A47 /* ChooseAlert.m in Sources */ = {isa = PBXBuildFile; fileRef = 5D0FEF441ADE43E700AA5A47 /* ChooseAlert.m */; };
		5D1447F21ADFAB4800A3E2A1 /* HttpRequestManager.m in Sources */ = {isa = PBXBuildFile; fileRef = 5D1447F11ADFAB4800A3E2A1 /* HttpRequestManager.m */; };
		5D1918F21ADB990D00C7AE60 /* main.m in Sources */ = {isa = PBXBuildFile; fileRef = 5D1918F11ADB990D00C7AE60 /* main.m */; };
		5D1918F51ADB990D00C7AE60 /* AppDelegate.m in Sources */ = {isa = PBXBuildFile; fileRef = 5D1918F41ADB990D00C7AE60 /* AppDelegate.m */; };
		5D1918F81ADB990D00C7AE60 /* ViewController.m in Sources */ = {isa = PBXBuildFile; fileRef = 5D1918F71ADB990D00C7AE60 /* ViewController.m */; };
		5D1918FD1ADB990D00C7AE60 /* Images.xcassets in Resources */ = {isa = PBXBuildFile; fileRef = 5D1918FC1ADB990D00C7AE60 /* Images.xcassets */; };
		5D19190C1ADB990D00C7AE60 /* iDuoYuTests.m in Sources */ = {isa = PBXBuildFile; fileRef = 5D19190B1ADB990D00C7AE60 /* iDuoYuTests.m */; };
		5D2FD4B41AE495EA00A69055 /* LaunchScreen.xib in Resources */ = {isa = PBXBuildFile; fileRef = 5D2FD4AE1AE495EA00A69055 /* LaunchScreen.xib */; };
		5D2FD4B51AE495EA00A69055 /* Main.storyboard in Resources */ = {isa = PBXBuildFile; fileRef = 5D2FD4B01AE495EA00A69055 /* Main.storyboard */; };
		5D2FD4B61AE495EA00A69055 /* Menu.storyboard in Resources */ = {isa = PBXBuildFile; fileRef = 5D2FD4B21AE495EA00A69055 /* Menu.storyboard */; };
		5D2FD4B91AE495F500A69055 /* AFNetworking.strings in Resources */ = {isa = PBXBuildFile; fileRef = 5D2FD4B71AE495F500A69055 /* AFNetworking.strings */; };
		5D2FD4BA1AE4965F00A69055 /* MainTableHeaderView.m in Sources */ = {isa = PBXBuildFile; fileRef = 5D9BCA961AE2A0E100EAD869 /* MainTableHeaderView.m */; };
		5D2FD4BB1AE4966400A69055 /* LocationHelper.m in Sources */ = {isa = PBXBuildFile; fileRef = 5D1447F41AE0B14600A3E2A1 /* LocationHelper.m */; };
		5D2FD4BE1AE549D100A69055 /* TopViewController.m in Sources */ = {isa = PBXBuildFile; fileRef = 5D2FD4BD1AE549D100A69055 /* TopViewController.m */; };
		5D2FD4C41AE6854900A69055 /* OrderSearch.storyboard in Resources */ = {isa = PBXBuildFile; fileRef = 5D2FD4C31AE6854900A69055 /* OrderSearch.storyboard */; };
		5D2FD4C71AE6895600A69055 /* OrderSearchViewController.m in Sources */ = {isa = PBXBuildFile; fileRef = 5D2FD4C61AE6895600A69055 /* OrderSearchViewController.m */; };
		5D2FD4CD1AE69C5500A69055 /* OrderDetailCell.m in Sources */ = {isa = PBXBuildFile; fileRef = 5D2FD4CC1AE69C5500A69055 /* OrderDetailCell.m */; };
		5D2FD4D31AE69ED200A69055 /* EngineerCell.xib in Resources */ = {isa = PBXBuildFile; fileRef = 5D2FD4D21AE69ED200A69055 /* EngineerCell.xib */; };
		5D70011D1AE48C660016AF1D /* CellNormal.m in Sources */ = {isa = PBXBuildFile; fileRef = 5D7001161AE48C660016AF1D /* CellNormal.m */; };
		5D70011E1AE48C660016AF1D /* CellWithImage.m in Sources */ = {isa = PBXBuildFile; fileRef = 5D7001181AE48C660016AF1D /* CellWithImage.m */; };
		5D70011F1AE48C660016AF1D /* EngineerCell.m in Sources */ = {isa = PBXBuildFile; fileRef = 5D70011A1AE48C660016AF1D /* EngineerCell.m */; };
		5D7001201AE48C660016AF1D /* MainCell.m in Sources */ = {isa = PBXBuildFile; fileRef = 5D70011C1AE48C660016AF1D /* MainCell.m */; };
		5D9BCA921AE295E900EAD869 /* MainFooterSubView.xib in Resources */ = {isa = PBXBuildFile; fileRef = 5D9BCA911AE295E900EAD869 /* MainFooterSubView.xib */; };
		5D9BCA941AE2A0B500EAD869 /* MainTableHeaderView.xib in Resources */ = {isa = PBXBuildFile; fileRef = 5D9BCA931AE2A0B500EAD869 /* MainTableHeaderView.xib */; };
		5D9BCA9A1AE355BD00EAD869 /* Utils.m in Sources */ = {isa = PBXBuildFile; fileRef = 5D9BCA991AE355BD00EAD869 /* Utils.m */; };
		5D9BCA9D1AE37B7400EAD869 /* StepsSelectTableViewController.m in Sources */ = {isa = PBXBuildFile; fileRef = 5D9BCA9C1AE37B7400EAD869 /* StepsSelectTableViewController.m */; };
		C9B27A28C80142D6D92B4F0E /* libPods-iDuoYu.a in Frameworks */ = {isa = PBXBuildFile; fileRef = D625CC8E8B25749F98B502EF /* libPods-iDuoYu.a */; };
		EC0914FB1ADE4B6D001599C1 /* CoreGraphics.framework in Frameworks */ = {isa = PBXBuildFile; fileRef = EC0914FA1ADE4B6D001599C1 /* CoreGraphics.framework */; };
		EC0914FD1ADE4B8D001599C1 /* Foundation.framework in Frameworks */ = {isa = PBXBuildFile; fileRef = EC0914FC1ADE4B8D001599C1 /* Foundation.framework */; };
		EC0914FF1ADE4B9B001599C1 /* QuartzCore.framework in Frameworks */ = {isa = PBXBuildFile; fileRef = EC0914FE1ADE4B9B001599C1 /* QuartzCore.framework */; };
		EC0915011ADE4BA8001599C1 /* UIKit.framework in Frameworks */ = {isa = PBXBuildFile; fileRef = EC0915001ADE4BA8001599C1 /* UIKit.framework */; };
		EC0915131ADE5D53001599C1 /* MainViewController.m in Sources */ = {isa = PBXBuildFile; fileRef = EC0915111ADE5D53001599C1 /* MainViewController.m */; };
		EC0915171ADE5E50001599C1 /* InitialSlidingViewController.m in Sources */ = {isa = PBXBuildFile; fileRef = EC0915161ADE5E50001599C1 /* InitialSlidingViewController.m */; };
		EC09151A1ADE5E79001599C1 /* MenuViewController.m in Sources */ = {isa = PBXBuildFile; fileRef = EC0915191ADE5E79001599C1 /* MenuViewController.m */; };
		EC592FB81AE55EDE00E6CFD1 /* MenuCell.m in Sources */ = {isa = PBXBuildFile; fileRef = EC592FB71AE55EDE00E6CFD1 /* MenuCell.m */; };
		EC592FC21AE6437100E6CFD1 /* SolutionCell.m in Sources */ = {isa = PBXBuildFile; fileRef = EC592FC01AE6437100E6CFD1 /* SolutionCell.m */; };
		EC592FC31AE6437100E6CFD1 /* SolutionCell.xib in Resources */ = {isa = PBXBuildFile; fileRef = EC592FC11AE6437100E6CFD1 /* SolutionCell.xib */; };
		EC592FC91AE6A5F700E6CFD1 /* ShowFeeTableViewController.m in Sources */ = {isa = PBXBuildFile; fileRef = EC592FC81AE6A5F700E6CFD1 /* ShowFeeTableViewController.m */; };
		EC592FCC1AE6AA1200E6CFD1 /* FeeCell.m in Sources */ = {isa = PBXBuildFile; fileRef = EC592FCB1AE6AA1200E6CFD1 /* FeeCell.m */; };
		EC8423261ADF61AD008D4804 /* NavigationFirstViewController.m in Sources */ = {isa = PBXBuildFile; fileRef = EC8423251ADF61AD008D4804 /* NavigationFirstViewController.m */; };
		EC8423281ADF85A7008D4804 /* ImageIO.framework in Frameworks */ = {isa = PBXBuildFile; fileRef = EC8423271ADF85A7008D4804 /* ImageIO.framework */; };
		EC84232A1ADF8815008D4804 /* banner.gif in Resources */ = {isa = PBXBuildFile; fileRef = EC8423291ADF8815008D4804 /* banner.gif */; };
		EC8423301ADF8C30008D4804 /* Common.m in Sources */ = {isa = PBXBuildFile; fileRef = EC84232C1ADF8C30008D4804 /* Common.m */; };
		EC8423311ADF8C30008D4804 /* Context.m in Sources */ = {isa = PBXBuildFile; fileRef = EC84232F1ADF8C30008D4804 /* Context.m */; };
		EC8423361AE297B9008D4804 /* jsonEngineerListTest.json in Resources */ = {isa = PBXBuildFile; fileRef = EC8423351AE297B9008D4804 /* jsonEngineerListTest.json */; };
		EC8423381AE29C6B008D4804 /* jsonRespondTest.json in Resources */ = {isa = PBXBuildFile; fileRef = EC8423371AE29C6B008D4804 /* jsonRespondTest.json */; };
		EC84233A1AE29C8F008D4804 /* jsonBrandListTest.json in Resources */ = {isa = PBXBuildFile; fileRef = EC8423391AE29C8F008D4804 /* jsonBrandListTest.json */; };
		EC84233C1AE29CB4008D4804 /* jsonOrderListTest.json in Resources */ = {isa = PBXBuildFile; fileRef = EC84233B1AE29CB4008D4804 /* jsonOrderListTest.json */; };
		EC84233E1AE29D6B008D4804 /* jsonVersionListTest.json in Resources */ = {isa = PBXBuildFile; fileRef = EC84233D1AE29D6B008D4804 /* jsonVersionListTest.json */; };
		EC8423401AE29DB3008D4804 /* jsonColorListTest.json in Resources */ = {isa = PBXBuildFile; fileRef = EC84233F1AE29DB3008D4804 /* jsonColorListTest.json */; };
		EC8423421AE29E2C008D4804 /* jsonFaultListTest.json in Resources */ = {isa = PBXBuildFile; fileRef = EC8423411AE29E2C008D4804 /* jsonFaultListTest.json */; };
		EC8423441AE29E57008D4804 /* jsonFaultDetailListTest.json in Resources */ = {isa = PBXBuildFile; fileRef = EC8423431AE29E57008D4804 /* jsonFaultDetailListTest.json */; };
		EC8423461AE29E90008D4804 /* jsonSolutionRepairListTest.json in Resources */ = {isa = PBXBuildFile; fileRef = EC8423451AE29E90008D4804 /* jsonSolutionRepairListTest.json */; };
		EC8423481AE29EA8008D4804 /* jsonSolutionSellListTest.json in Resources */ = {isa = PBXBuildFile; fileRef = EC8423471AE29EA8008D4804 /* jsonSolutionSellListTest.json */; };
		EC84234A1AE29EC5008D4804 /* jsonRomListTest.json in Resources */ = {isa = PBXBuildFile; fileRef = EC8423491AE29EC5008D4804 /* jsonRomListTest.json */; };
		EC84234C1AE29EE1008D4804 /* jsonBuyChannelListTest.json in Resources */ = {isa = PBXBuildFile; fileRef = EC84234B1AE29EE1008D4804 /* jsonBuyChannelListTest.json */; };
		EC8423551AE2A75F008D4804 /* Body.m in Sources */ = {isa = PBXBuildFile; fileRef = EC84234E1AE2A75F008D4804 /* Body.m */; };
		EC8423561AE2A75F008D4804 /* Header.m in Sources */ = {isa = PBXBuildFile; fileRef = EC8423501AE2A75F008D4804 /* Header.m */; };
		EC8423571AE2A75F008D4804 /* Request.m in Sources */ = {isa = PBXBuildFile; fileRef = EC8423521AE2A75F008D4804 /* Request.m */; };
		EC8423581AE2A75F008D4804 /* RequestParam.m in Sources */ = {isa = PBXBuildFile; fileRef = EC8423541AE2A75F008D4804 /* RequestParam.m */; };
		EC84235B1AE3CCE8008D4804 /* Engineers.m in Sources */ = {isa = PBXBuildFile; fileRef = EC84235A1AE3CCE8008D4804 /* Engineers.m */; };
		EC84235E1AE3CCFB008D4804 /* Engineer.m in Sources */ = {isa = PBXBuildFile; fileRef = EC84235D1AE3CCFB008D4804 /* Engineer.m */; };
		EC8423611AE3CEFF008D4804 /* ResultRespond.m in Sources */ = {isa = PBXBuildFile; fileRef = EC8423601AE3CEFF008D4804 /* ResultRespond.m */; };
		EC8423641AE3D05F008D4804 /* DeviceParams.m in Sources */ = {isa = PBXBuildFile; fileRef = EC8423631AE3D05F008D4804 /* DeviceParams.m */; };
		EC8423671AE3D06C008D4804 /* DeviceParam.m in Sources */ = {isa = PBXBuildFile; fileRef = EC8423661AE3D06C008D4804 /* DeviceParam.m */; };
		EC84236A1AE3D2E1008D4804 /* Orders.m in Sources */ = {isa = PBXBuildFile; fileRef = EC8423691AE3D2E1008D4804 /* Orders.m */; };
		EC84236D1AE3D338008D4804 /* Order.m in Sources */ = {isa = PBXBuildFile; fileRef = EC84236C1AE3D338008D4804 /* Order.m */; };
		EC8423711AE3DA37008D4804 /* OrderService.m in Sources */ = {isa = PBXBuildFile; fileRef = EC8423701AE3DA37008D4804 /* OrderService.m */; };
		ECD242861AE767970055CDCD /* FeeHeaderView.m in Sources */ = {isa = PBXBuildFile; fileRef = ECD242851AE767970055CDCD /* FeeHeaderView.m */; };
		ECD2428A1AE768430055CDCD /* FeeHeaderView.xib in Resources */ = {isa = PBXBuildFile; fileRef = ECD242891AE768430055CDCD /* FeeHeaderView.xib */; };
		ECD2428D1AE799800055CDCD /* CustomerViewController.m in Sources */ = {isa = PBXBuildFile; fileRef = ECD2428C1AE799800055CDCD /* CustomerViewController.m */; };
		ECD242901AE7EF320055CDCD /* OrderSuccessViewController.m in Sources */ = {isa = PBXBuildFile; fileRef = ECD2428F1AE7EF320055CDCD /* OrderSuccessViewController.m */; };
/* End PBXBuildFile section */

/* Begin PBXContainerItemProxy section */
		5D1919061ADB990D00C7AE60 /* PBXContainerItemProxy */ = {
			isa = PBXContainerItemProxy;
			containerPortal = 5D1918E41ADB990D00C7AE60 /* Project object */;
			proxyType = 1;
			remoteGlobalIDString = 5D1918EB1ADB990D00C7AE60;
			remoteInfo = iDuoYu;
		};
/* End PBXContainerItemProxy section */

/* Begin PBXFileReference section */
		5D0C57B11AE78D3E000530C3 /* LoadMoreViewInTopVC.h */ = {isa = PBXFileReference; fileEncoding = 4; lastKnownFileType = sourcecode.c.h; path = LoadMoreViewInTopVC.h; sourceTree = "<group>"; };
		5D0C57B21AE78D3E000530C3 /* LoadMoreViewInTopVC.m */ = {isa = PBXFileReference; fileEncoding = 4; lastKnownFileType = sourcecode.c.objc; path = LoadMoreViewInTopVC.m; sourceTree = "<group>"; };
		5D0C57B61AE78D9F000530C3 /* LoadMoreViewInTopVC.xib */ = {isa = PBXFileReference; fileEncoding = 4; lastKnownFileType = file.xib; path = LoadMoreViewInTopVC.xib; sourceTree = "<group>"; };
		5D0FEF391ADE046E00AA5A47 /* CoreTelephony.framework */ = {isa = PBXFileReference; lastKnownFileType = wrapper.framework; name = CoreTelephony.framework; path = System/Library/Frameworks/CoreTelephony.framework; sourceTree = SDKROOT; };
		5D0FEF411ADE3EF800AA5A47 /* ChooseAlert.xib */ = {isa = PBXFileReference; fileEncoding = 4; lastKnownFileType = file.xib; path = ChooseAlert.xib; sourceTree = "<group>"; };
		5D0FEF431ADE43E700AA5A47 /* ChooseAlert.h */ = {isa = PBXFileReference; fileEncoding = 4; lastKnownFileType = sourcecode.c.h; path = ChooseAlert.h; sourceTree = "<group>"; };
		5D0FEF441ADE43E700AA5A47 /* ChooseAlert.m */ = {isa = PBXFileReference; fileEncoding = 4; lastKnownFileType = sourcecode.c.objc; path = ChooseAlert.m; sourceTree = "<group>"; };
		5D1447F01ADFAB4800A3E2A1 /* HttpRequestManager.h */ = {isa = PBXFileReference; fileEncoding = 4; lastKnownFileType = sourcecode.c.h; path = HttpRequestManager.h; sourceTree = "<group>"; };
		5D1447F11ADFAB4800A3E2A1 /* HttpRequestManager.m */ = {isa = PBXFileReference; fileEncoding = 4; lastKnownFileType = sourcecode.c.objc; path = HttpRequestManager.m; sourceTree = "<group>"; };
		5D1447F31AE0B14600A3E2A1 /* LocationHelper.h */ = {isa = PBXFileReference; fileEncoding = 4; lastKnownFileType = sourcecode.c.h; path = LocationHelper.h; sourceTree = "<group>"; };
		5D1447F41AE0B14600A3E2A1 /* LocationHelper.m */ = {isa = PBXFileReference; fileEncoding = 4; lastKnownFileType = sourcecode.c.objc; path = LocationHelper.m; sourceTree = "<group>"; };
		5D1918EC1ADB990D00C7AE60 /* iDuoYu.app */ = {isa = PBXFileReference; explicitFileType = wrapper.application; includeInIndex = 0; path = iDuoYu.app; sourceTree = BUILT_PRODUCTS_DIR; };
		5D1918F01ADB990D00C7AE60 /* Info.plist */ = {isa = PBXFileReference; lastKnownFileType = text.plist.xml; path = Info.plist; sourceTree = "<group>"; };
		5D1918F11ADB990D00C7AE60 /* main.m */ = {isa = PBXFileReference; lastKnownFileType = sourcecode.c.objc; path = main.m; sourceTree = "<group>"; };
		5D1918F31ADB990D00C7AE60 /* AppDelegate.h */ = {isa = PBXFileReference; lastKnownFileType = sourcecode.c.h; path = AppDelegate.h; sourceTree = "<group>"; };
		5D1918F41ADB990D00C7AE60 /* AppDelegate.m */ = {isa = PBXFileReference; lastKnownFileType = sourcecode.c.objc; path = AppDelegate.m; sourceTree = "<group>"; };
		5D1918F61ADB990D00C7AE60 /* ViewController.h */ = {isa = PBXFileReference; lastKnownFileType = sourcecode.c.h; path = ViewController.h; sourceTree = "<group>"; };
		5D1918F71ADB990D00C7AE60 /* ViewController.m */ = {isa = PBXFileReference; lastKnownFileType = sourcecode.c.objc; path = ViewController.m; sourceTree = "<group>"; };
		5D1918FC1ADB990D00C7AE60 /* Images.xcassets */ = {isa = PBXFileReference; lastKnownFileType = folder.assetcatalog; path = Images.xcassets; sourceTree = "<group>"; };
		5D1919051ADB990D00C7AE60 /* iDuoYuTests.xctest */ = {isa = PBXFileReference; explicitFileType = wrapper.cfbundle; includeInIndex = 0; path = iDuoYuTests.xctest; sourceTree = BUILT_PRODUCTS_DIR; };
		5D19190A1ADB990D00C7AE60 /* Info.plist */ = {isa = PBXFileReference; lastKnownFileType = text.plist.xml; path = Info.plist; sourceTree = "<group>"; };
		5D19190B1ADB990D00C7AE60 /* iDuoYuTests.m */ = {isa = PBXFileReference; lastKnownFileType = sourcecode.c.objc; path = iDuoYuTests.m; sourceTree = "<group>"; };
		5D2FD4AF1AE495EA00A69055 /* Base */ = {isa = PBXFileReference; lastKnownFileType = file.xib; name = Base; path = Base.lproj/LaunchScreen.xib; sourceTree = "<group>"; };
		5D2FD4B11AE495EA00A69055 /* Base */ = {isa = PBXFileReference; lastKnownFileType = file.storyboard; name = Base; path = Base.lproj/Main.storyboard; sourceTree = "<group>"; };
		5D2FD4B31AE495EA00A69055 /* Base */ = {isa = PBXFileReference; lastKnownFileType = file.storyboard; name = Base; path = Base.lproj/Menu.storyboard; sourceTree = "<group>"; };
		5D2FD4B81AE495F500A69055 /* zh-Hans */ = {isa = PBXFileReference; lastKnownFileType = text.plist.strings; name = "zh-Hans"; path = "zh-Hans.lproj/AFNetworking.strings"; sourceTree = "<group>"; };
		5D2FD4BC1AE549D100A69055 /* TopViewController.h */ = {isa = PBXFileReference; fileEncoding = 4; lastKnownFileType = sourcecode.c.h; path = TopViewController.h; sourceTree = "<group>"; };
		5D2FD4BD1AE549D100A69055 /* TopViewController.m */ = {isa = PBXFileReference; fileEncoding = 4; lastKnownFileType = sourcecode.c.objc; path = TopViewController.m; sourceTree = "<group>"; };
		5D2FD4C31AE6854900A69055 /* OrderSearch.storyboard */ = {isa = PBXFileReference; fileEncoding = 4; lastKnownFileType = file.storyboard; path = OrderSearch.storyboard; sourceTree = "<group>"; };
		5D2FD4C51AE6895600A69055 /* OrderSearchViewController.h */ = {isa = PBXFileReference; fileEncoding = 4; lastKnownFileType = sourcecode.c.h; path = OrderSearchViewController.h; sourceTree = "<group>"; };
		5D2FD4C61AE6895600A69055 /* OrderSearchViewController.m */ = {isa = PBXFileReference; fileEncoding = 4; lastKnownFileType = sourcecode.c.objc; path = OrderSearchViewController.m; sourceTree = "<group>"; };
		5D2FD4CB1AE69C5500A69055 /* OrderDetailCell.h */ = {isa = PBXFileReference; fileEncoding = 4; lastKnownFileType = sourcecode.c.h; path = OrderDetailCell.h; sourceTree = "<group>"; };
		5D2FD4CC1AE69C5500A69055 /* OrderDetailCell.m */ = {isa = PBXFileReference; fileEncoding = 4; lastKnownFileType = sourcecode.c.objc; path = OrderDetailCell.m; sourceTree = "<group>"; };
		5D2FD4D21AE69ED200A69055 /* EngineerCell.xib */ = {isa = PBXFileReference; fileEncoding = 4; lastKnownFileType = file.xib; path = EngineerCell.xib; sourceTree = "<group>"; };
		5D7001151AE48C660016AF1D /* CellNormal.h */ = {isa = PBXFileReference; fileEncoding = 4; lastKnownFileType = sourcecode.c.h; path = CellNormal.h; sourceTree = "<group>"; };
		5D7001161AE48C660016AF1D /* CellNormal.m */ = {isa = PBXFileReference; fileEncoding = 4; lastKnownFileType = sourcecode.c.objc; path = CellNormal.m; sourceTree = "<group>"; };
		5D7001171AE48C660016AF1D /* CellWithImage.h */ = {isa = PBXFileReference; fileEncoding = 4; lastKnownFileType = sourcecode.c.h; path = CellWithImage.h; sourceTree = "<group>"; };
		5D7001181AE48C660016AF1D /* CellWithImage.m */ = {isa = PBXFileReference; fileEncoding = 4; lastKnownFileType = sourcecode.c.objc; path = CellWithImage.m; sourceTree = "<group>"; };
		5D7001191AE48C660016AF1D /* EngineerCell.h */ = {isa = PBXFileReference; fileEncoding = 4; lastKnownFileType = sourcecode.c.h; path = EngineerCell.h; sourceTree = "<group>"; };
		5D70011A1AE48C660016AF1D /* EngineerCell.m */ = {isa = PBXFileReference; fileEncoding = 4; lastKnownFileType = sourcecode.c.objc; path = EngineerCell.m; sourceTree = "<group>"; };
		5D70011B1AE48C660016AF1D /* MainCell.h */ = {isa = PBXFileReference; fileEncoding = 4; lastKnownFileType = sourcecode.c.h; path = MainCell.h; sourceTree = "<group>"; };
		5D70011C1AE48C660016AF1D /* MainCell.m */ = {isa = PBXFileReference; fileEncoding = 4; lastKnownFileType = sourcecode.c.objc; path = MainCell.m; sourceTree = "<group>"; };
		5D9BCA911AE295E900EAD869 /* MainFooterSubView.xib */ = {isa = PBXFileReference; fileEncoding = 4; lastKnownFileType = file.xib; path = MainFooterSubView.xib; sourceTree = "<group>"; };
		5D9BCA931AE2A0B500EAD869 /* MainTableHeaderView.xib */ = {isa = PBXFileReference; fileEncoding = 4; lastKnownFileType = file.xib; path = MainTableHeaderView.xib; sourceTree = "<group>"; };
		5D9BCA951AE2A0E100EAD869 /* MainTableHeaderView.h */ = {isa = PBXFileReference; fileEncoding = 4; lastKnownFileType = sourcecode.c.h; path = MainTableHeaderView.h; sourceTree = "<group>"; };
		5D9BCA961AE2A0E100EAD869 /* MainTableHeaderView.m */ = {isa = PBXFileReference; fileEncoding = 4; lastKnownFileType = sourcecode.c.objc; path = MainTableHeaderView.m; sourceTree = "<group>"; };
		5D9BCA981AE355BD00EAD869 /* Utils.h */ = {isa = PBXFileReference; fileEncoding = 4; lastKnownFileType = sourcecode.c.h; path = Utils.h; sourceTree = "<group>"; };
		5D9BCA991AE355BD00EAD869 /* Utils.m */ = {isa = PBXFileReference; fileEncoding = 4; lastKnownFileType = sourcecode.c.objc; path = Utils.m; sourceTree = "<group>"; };
		5D9BCA9B1AE37B7400EAD869 /* StepsSelectTableViewController.h */ = {isa = PBXFileReference; fileEncoding = 4; lastKnownFileType = sourcecode.c.h; path = StepsSelectTableViewController.h; sourceTree = "<group>"; };
		5D9BCA9C1AE37B7400EAD869 /* StepsSelectTableViewController.m */ = {isa = PBXFileReference; fileEncoding = 4; lastKnownFileType = sourcecode.c.objc; path = StepsSelectTableViewController.m; sourceTree = "<group>"; };
		94505914FD809EA2680D6802 /* Pods-iDuoYu.debug.xcconfig */ = {isa = PBXFileReference; includeInIndex = 1; lastKnownFileType = text.xcconfig; name = "Pods-iDuoYu.debug.xcconfig"; path = "Pods/Target Support Files/Pods-iDuoYu/Pods-iDuoYu.debug.xcconfig"; sourceTree = "<group>"; };
		D625CC8E8B25749F98B502EF /* libPods-iDuoYu.a */ = {isa = PBXFileReference; explicitFileType = archive.ar; includeInIndex = 0; path = "libPods-iDuoYu.a"; sourceTree = BUILT_PRODUCTS_DIR; };
		D81E62E72F57F23556EF23AD /* Pods-iDuoYu.release.xcconfig */ = {isa = PBXFileReference; includeInIndex = 1; lastKnownFileType = text.xcconfig; name = "Pods-iDuoYu.release.xcconfig"; path = "Pods/Target Support Files/Pods-iDuoYu/Pods-iDuoYu.release.xcconfig"; sourceTree = "<group>"; };
		EC0914FA1ADE4B6D001599C1 /* CoreGraphics.framework */ = {isa = PBXFileReference; lastKnownFileType = wrapper.framework; name = CoreGraphics.framework; path = System/Library/Frameworks/CoreGraphics.framework; sourceTree = SDKROOT; };
		EC0914FC1ADE4B8D001599C1 /* Foundation.framework */ = {isa = PBXFileReference; lastKnownFileType = wrapper.framework; name = Foundation.framework; path = System/Library/Frameworks/Foundation.framework; sourceTree = SDKROOT; };
		EC0914FE1ADE4B9B001599C1 /* QuartzCore.framework */ = {isa = PBXFileReference; lastKnownFileType = wrapper.framework; name = QuartzCore.framework; path = System/Library/Frameworks/QuartzCore.framework; sourceTree = SDKROOT; };
		EC0915001ADE4BA8001599C1 /* UIKit.framework */ = {isa = PBXFileReference; lastKnownFileType = wrapper.framework; name = UIKit.framework; path = System/Library/Frameworks/UIKit.framework; sourceTree = SDKROOT; };
		EC0915101ADE5D53001599C1 /* MainViewController.h */ = {isa = PBXFileReference; fileEncoding = 4; lastKnownFileType = sourcecode.c.h; name = MainViewController.h; path = "View Controller/MainViewController.h"; sourceTree = "<group>"; };
		EC0915111ADE5D53001599C1 /* MainViewController.m */ = {isa = PBXFileReference; fileEncoding = 4; lastKnownFileType = sourcecode.c.objc; name = MainViewController.m; path = "View Controller/MainViewController.m"; sourceTree = "<group>"; };
		EC0915151ADE5E50001599C1 /* InitialSlidingViewController.h */ = {isa = PBXFileReference; fileEncoding = 4; lastKnownFileType = sourcecode.c.h; name = InitialSlidingViewController.h; path = "View Controller/InitialSlidingViewController.h"; sourceTree = "<group>"; };
		EC0915161ADE5E50001599C1 /* InitialSlidingViewController.m */ = {isa = PBXFileReference; fileEncoding = 4; lastKnownFileType = sourcecode.c.objc; name = InitialSlidingViewController.m; path = "View Controller/InitialSlidingViewController.m"; sourceTree = "<group>"; };
		EC0915181ADE5E79001599C1 /* MenuViewController.h */ = {isa = PBXFileReference; fileEncoding = 4; lastKnownFileType = sourcecode.c.h; name = MenuViewController.h; path = "View Controller/MenuViewController.h"; sourceTree = "<group>"; };
		EC0915191ADE5E79001599C1 /* MenuViewController.m */ = {isa = PBXFileReference; fileEncoding = 4; lastKnownFileType = sourcecode.c.objc; name = MenuViewController.m; path = "View Controller/MenuViewController.m"; sourceTree = "<group>"; };
		EC592FB61AE55EDE00E6CFD1 /* MenuCell.h */ = {isa = PBXFileReference; fileEncoding = 4; lastKnownFileType = sourcecode.c.h; path = MenuCell.h; sourceTree = "<group>"; };
		EC592FB71AE55EDE00E6CFD1 /* MenuCell.m */ = {isa = PBXFileReference; fileEncoding = 4; lastKnownFileType = sourcecode.c.objc; path = MenuCell.m; sourceTree = "<group>"; };
		EC592FBF1AE6437100E6CFD1 /* SolutionCell.h */ = {isa = PBXFileReference; fileEncoding = 4; lastKnownFileType = sourcecode.c.h; path = SolutionCell.h; sourceTree = "<group>"; };
		EC592FC01AE6437100E6CFD1 /* SolutionCell.m */ = {isa = PBXFileReference; fileEncoding = 4; lastKnownFileType = sourcecode.c.objc; path = SolutionCell.m; sourceTree = "<group>"; };
		EC592FC11AE6437100E6CFD1 /* SolutionCell.xib */ = {isa = PBXFileReference; fileEncoding = 4; lastKnownFileType = file.xib; path = SolutionCell.xib; sourceTree = "<group>"; };
		EC592FC71AE6A5F700E6CFD1 /* ShowFeeTableViewController.h */ = {isa = PBXFileReference; fileEncoding = 4; lastKnownFileType = sourcecode.c.h; name = ShowFeeTableViewController.h; path = "View Controller/ShowFeeTableViewController.h"; sourceTree = "<group>"; };
		EC592FC81AE6A5F700E6CFD1 /* ShowFeeTableViewController.m */ = {isa = PBXFileReference; fileEncoding = 4; lastKnownFileType = sourcecode.c.objc; name = ShowFeeTableViewController.m; path = "View Controller/ShowFeeTableViewController.m"; sourceTree = "<group>"; };
		EC592FCA1AE6AA1200E6CFD1 /* FeeCell.h */ = {isa = PBXFileReference; fileEncoding = 4; lastKnownFileType = sourcecode.c.h; path = FeeCell.h; sourceTree = "<group>"; };
		EC592FCB1AE6AA1200E6CFD1 /* FeeCell.m */ = {isa = PBXFileReference; fileEncoding = 4; lastKnownFileType = sourcecode.c.objc; path = FeeCell.m; sourceTree = "<group>"; };
		EC8423241ADF61AD008D4804 /* NavigationFirstViewController.h */ = {isa = PBXFileReference; fileEncoding = 4; lastKnownFileType = sourcecode.c.h; name = NavigationFirstViewController.h; path = "View Controller/NavigationFirstViewController.h"; sourceTree = "<group>"; };
		EC8423251ADF61AD008D4804 /* NavigationFirstViewController.m */ = {isa = PBXFileReference; fileEncoding = 4; lastKnownFileType = sourcecode.c.objc; name = NavigationFirstViewController.m; path = "View Controller/NavigationFirstViewController.m"; sourceTree = "<group>"; };
		EC8423271ADF85A7008D4804 /* ImageIO.framework */ = {isa = PBXFileReference; lastKnownFileType = wrapper.framework; name = ImageIO.framework; path = System/Library/Frameworks/ImageIO.framework; sourceTree = SDKROOT; };
		EC8423291ADF8815008D4804 /* banner.gif */ = {isa = PBXFileReference; lastKnownFileType = image.gif; path = banner.gif; sourceTree = "<group>"; };
		EC84232B1ADF8C30008D4804 /* Common.h */ = {isa = PBXFileReference; fileEncoding = 4; lastKnownFileType = sourcecode.c.h; path = Common.h; sourceTree = "<group>"; };
		EC84232C1ADF8C30008D4804 /* Common.m */ = {isa = PBXFileReference; fileEncoding = 4; lastKnownFileType = sourcecode.c.objc; path = Common.m; sourceTree = "<group>"; };
		EC84232D1ADF8C30008D4804 /* Constants.h */ = {isa = PBXFileReference; fileEncoding = 4; lastKnownFileType = sourcecode.c.h; path = Constants.h; sourceTree = "<group>"; };
		EC84232E1ADF8C30008D4804 /* Context.h */ = {isa = PBXFileReference; fileEncoding = 4; lastKnownFileType = sourcecode.c.h; path = Context.h; sourceTree = "<group>"; };
		EC84232F1ADF8C30008D4804 /* Context.m */ = {isa = PBXFileReference; fileEncoding = 4; lastKnownFileType = sourcecode.c.objc; path = Context.m; sourceTree = "<group>"; };
		EC8423351AE297B9008D4804 /* jsonEngineerListTest.json */ = {isa = PBXFileReference; fileEncoding = 4; lastKnownFileType = text.json; path = jsonEngineerListTest.json; sourceTree = "<group>"; };
		EC8423371AE29C6B008D4804 /* jsonRespondTest.json */ = {isa = PBXFileReference; fileEncoding = 4; lastKnownFileType = text.json; path = jsonRespondTest.json; sourceTree = "<group>"; };
		EC8423391AE29C8F008D4804 /* jsonBrandListTest.json */ = {isa = PBXFileReference; fileEncoding = 4; lastKnownFileType = text.json; path = jsonBrandListTest.json; sourceTree = "<group>"; };
		EC84233B1AE29CB4008D4804 /* jsonOrderListTest.json */ = {isa = PBXFileReference; fileEncoding = 4; lastKnownFileType = text.json; path = jsonOrderListTest.json; sourceTree = "<group>"; };
		EC84233D1AE29D6B008D4804 /* jsonVersionListTest.json */ = {isa = PBXFileReference; fileEncoding = 4; lastKnownFileType = text.json; path = jsonVersionListTest.json; sourceTree = "<group>"; };
		EC84233F1AE29DB3008D4804 /* jsonColorListTest.json */ = {isa = PBXFileReference; fileEncoding = 4; lastKnownFileType = text.json; path = jsonColorListTest.json; sourceTree = "<group>"; };
		EC8423411AE29E2C008D4804 /* jsonFaultListTest.json */ = {isa = PBXFileReference; fileEncoding = 4; lastKnownFileType = text.json; path = jsonFaultListTest.json; sourceTree = "<group>"; };
		EC8423431AE29E57008D4804 /* jsonFaultDetailListTest.json */ = {isa = PBXFileReference; fileEncoding = 4; lastKnownFileType = text.json; path = jsonFaultDetailListTest.json; sourceTree = "<group>"; };
		EC8423451AE29E90008D4804 /* jsonSolutionRepairListTest.json */ = {isa = PBXFileReference; fileEncoding = 4; lastKnownFileType = text.json; path = jsonSolutionRepairListTest.json; sourceTree = "<group>"; };
		EC8423471AE29EA8008D4804 /* jsonSolutionSellListTest.json */ = {isa = PBXFileReference; fileEncoding = 4; lastKnownFileType = text.json; path = jsonSolutionSellListTest.json; sourceTree = "<group>"; };
		EC8423491AE29EC5008D4804 /* jsonRomListTest.json */ = {isa = PBXFileReference; fileEncoding = 4; lastKnownFileType = text.json; path = jsonRomListTest.json; sourceTree = "<group>"; };
		EC84234B1AE29EE1008D4804 /* jsonBuyChannelListTest.json */ = {isa = PBXFileReference; fileEncoding = 4; lastKnownFileType = text.json; path = jsonBuyChannelListTest.json; sourceTree = "<group>"; };
		EC84234D1AE2A75F008D4804 /* Body.h */ = {isa = PBXFileReference; fileEncoding = 4; lastKnownFileType = sourcecode.c.h; path = Body.h; sourceTree = "<group>"; };
		EC84234E1AE2A75F008D4804 /* Body.m */ = {isa = PBXFileReference; fileEncoding = 4; lastKnownFileType = sourcecode.c.objc; path = Body.m; sourceTree = "<group>"; };
		EC84234F1AE2A75F008D4804 /* Header.h */ = {isa = PBXFileReference; fileEncoding = 4; lastKnownFileType = sourcecode.c.h; path = Header.h; sourceTree = "<group>"; };
		EC8423501AE2A75F008D4804 /* Header.m */ = {isa = PBXFileReference; fileEncoding = 4; lastKnownFileType = sourcecode.c.objc; path = Header.m; sourceTree = "<group>"; };
		EC8423511AE2A75F008D4804 /* Request.h */ = {isa = PBXFileReference; fileEncoding = 4; lastKnownFileType = sourcecode.c.h; path = Request.h; sourceTree = "<group>"; };
		EC8423521AE2A75F008D4804 /* Request.m */ = {isa = PBXFileReference; fileEncoding = 4; lastKnownFileType = sourcecode.c.objc; path = Request.m; sourceTree = "<group>"; };
		EC8423531AE2A75F008D4804 /* RequestParam.h */ = {isa = PBXFileReference; fileEncoding = 4; lastKnownFileType = sourcecode.c.h; path = RequestParam.h; sourceTree = "<group>"; };
		EC8423541AE2A75F008D4804 /* RequestParam.m */ = {isa = PBXFileReference; fileEncoding = 4; lastKnownFileType = sourcecode.c.objc; path = RequestParam.m; sourceTree = "<group>"; };
		EC8423591AE3CCE7008D4804 /* Engineers.h */ = {isa = PBXFileReference; fileEncoding = 4; lastKnownFileType = sourcecode.c.h; path = Engineers.h; sourceTree = "<group>"; };
		EC84235A1AE3CCE8008D4804 /* Engineers.m */ = {isa = PBXFileReference; fileEncoding = 4; lastKnownFileType = sourcecode.c.objc; path = Engineers.m; sourceTree = "<group>"; };
		EC84235C1AE3CCFB008D4804 /* Engineer.h */ = {isa = PBXFileReference; fileEncoding = 4; lastKnownFileType = sourcecode.c.h; path = Engineer.h; sourceTree = "<group>"; };
		EC84235D1AE3CCFB008D4804 /* Engineer.m */ = {isa = PBXFileReference; fileEncoding = 4; lastKnownFileType = sourcecode.c.objc; path = Engineer.m; sourceTree = "<group>"; };
		EC84235F1AE3CEFF008D4804 /* ResultRespond.h */ = {isa = PBXFileReference; fileEncoding = 4; lastKnownFileType = sourcecode.c.h; path = ResultRespond.h; sourceTree = "<group>"; };
		EC8423601AE3CEFF008D4804 /* ResultRespond.m */ = {isa = PBXFileReference; fileEncoding = 4; lastKnownFileType = sourcecode.c.objc; path = ResultRespond.m; sourceTree = "<group>"; };
		EC8423621AE3D05F008D4804 /* DeviceParams.h */ = {isa = PBXFileReference; fileEncoding = 4; lastKnownFileType = sourcecode.c.h; path = DeviceParams.h; sourceTree = "<group>"; };
		EC8423631AE3D05F008D4804 /* DeviceParams.m */ = {isa = PBXFileReference; fileEncoding = 4; lastKnownFileType = sourcecode.c.objc; path = DeviceParams.m; sourceTree = "<group>"; };
		EC8423651AE3D06C008D4804 /* DeviceParam.h */ = {isa = PBXFileReference; fileEncoding = 4; lastKnownFileType = sourcecode.c.h; path = DeviceParam.h; sourceTree = "<group>"; };
		EC8423661AE3D06C008D4804 /* DeviceParam.m */ = {isa = PBXFileReference; fileEncoding = 4; lastKnownFileType = sourcecode.c.objc; path = DeviceParam.m; sourceTree = "<group>"; };
		EC8423681AE3D2E1008D4804 /* Orders.h */ = {isa = PBXFileReference; fileEncoding = 4; lastKnownFileType = sourcecode.c.h; path = Orders.h; sourceTree = "<group>"; };
		EC8423691AE3D2E1008D4804 /* Orders.m */ = {isa = PBXFileReference; fileEncoding = 4; lastKnownFileType = sourcecode.c.objc; path = Orders.m; sourceTree = "<group>"; };
		EC84236B1AE3D338008D4804 /* Order.h */ = {isa = PBXFileReference; fileEncoding = 4; lastKnownFileType = sourcecode.c.h; path = Order.h; sourceTree = "<group>"; };
		EC84236C1AE3D338008D4804 /* Order.m */ = {isa = PBXFileReference; fileEncoding = 4; lastKnownFileType = sourcecode.c.objc; path = Order.m; sourceTree = "<group>"; };
		EC84236F1AE3DA37008D4804 /* OrderService.h */ = {isa = PBXFileReference; fileEncoding = 4; lastKnownFileType = sourcecode.c.h; name = OrderService.h; path = Service/OrderService.h; sourceTree = "<group>"; };
		EC8423701AE3DA37008D4804 /* OrderService.m */ = {isa = PBXFileReference; fileEncoding = 4; lastKnownFileType = sourcecode.c.objc; name = OrderService.m; path = Service/OrderService.m; sourceTree = "<group>"; };
		ECD242841AE767970055CDCD /* FeeHeaderView.h */ = {isa = PBXFileReference; fileEncoding = 4; lastKnownFileType = sourcecode.c.h; path = FeeHeaderView.h; sourceTree = "<group>"; };
		ECD242851AE767970055CDCD /* FeeHeaderView.m */ = {isa = PBXFileReference; fileEncoding = 4; lastKnownFileType = sourcecode.c.objc; path = FeeHeaderView.m; sourceTree = "<group>"; };
		ECD242891AE768430055CDCD /* FeeHeaderView.xib */ = {isa = PBXFileReference; fileEncoding = 4; lastKnownFileType = file.xib; path = FeeHeaderView.xib; sourceTree = "<group>"; };
		ECD2428B1AE799800055CDCD /* CustomerViewController.h */ = {isa = PBXFileReference; fileEncoding = 4; lastKnownFileType = sourcecode.c.h; name = CustomerViewController.h; path = "View Controller/CustomerViewController.h"; sourceTree = "<group>"; };
		ECD2428C1AE799800055CDCD /* CustomerViewController.m */ = {isa = PBXFileReference; fileEncoding = 4; lastKnownFileType = sourcecode.c.objc; name = CustomerViewController.m; path = "View Controller/CustomerViewController.m"; sourceTree = "<group>"; };
		ECD2428E1AE7EF320055CDCD /* OrderSuccessViewController.h */ = {isa = PBXFileReference; fileEncoding = 4; lastKnownFileType = sourcecode.c.h; name = OrderSuccessViewController.h; path = "View Controller/OrderSuccessViewController.h"; sourceTree = "<group>"; };
		ECD2428F1AE7EF320055CDCD /* OrderSuccessViewController.m */ = {isa = PBXFileReference; fileEncoding = 4; lastKnownFileType = sourcecode.c.objc; name = OrderSuccessViewController.m; path = "View Controller/OrderSuccessViewController.m"; sourceTree = "<group>"; };
/* End PBXFileReference section */

/* Begin PBXFrameworksBuildPhase section */
		5D1918E91ADB990D00C7AE60 /* Frameworks */ = {
			isa = PBXFrameworksBuildPhase;
			buildActionMask = 2147483647;
			files = (
				EC8423281ADF85A7008D4804 /* ImageIO.framework in Frameworks */,
				EC0915011ADE4BA8001599C1 /* UIKit.framework in Frameworks */,
				EC0914FF1ADE4B9B001599C1 /* QuartzCore.framework in Frameworks */,
				EC0914FD1ADE4B8D001599C1 /* Foundation.framework in Frameworks */,
				EC0914FB1ADE4B6D001599C1 /* CoreGraphics.framework in Frameworks */,
				5D0FEF3A1ADE046E00AA5A47 /* CoreTelephony.framework in Frameworks */,
				C9B27A28C80142D6D92B4F0E /* libPods-iDuoYu.a in Frameworks */,
			);
			runOnlyForDeploymentPostprocessing = 0;
		};
		5D1919021ADB990D00C7AE60 /* Frameworks */ = {
			isa = PBXFrameworksBuildPhase;
			buildActionMask = 2147483647;
			files = (
			);
			runOnlyForDeploymentPostprocessing = 0;
		};
/* End PBXFrameworksBuildPhase section */

/* Begin PBXGroup section */
		13ACEE2E785C10D36A7A2C38 /* Frameworks */ = {
			isa = PBXGroup;
			children = (
				EC8423271ADF85A7008D4804 /* ImageIO.framework */,
				EC0915001ADE4BA8001599C1 /* UIKit.framework */,
				EC0914FE1ADE4B9B001599C1 /* QuartzCore.framework */,
				EC0914FC1ADE4B8D001599C1 /* Foundation.framework */,
				EC0914FA1ADE4B6D001599C1 /* CoreGraphics.framework */,
				5D0FEF391ADE046E00AA5A47 /* CoreTelephony.framework */,
				D625CC8E8B25749F98B502EF /* libPods-iDuoYu.a */,
			);
			name = Frameworks;
			sourceTree = "<group>";
		};
		5D0FEF381ADE043600AA5A47 /* Untils */ = {
			isa = PBXGroup;
			children = (
				EC84232B1ADF8C30008D4804 /* Common.h */,
				EC84232C1ADF8C30008D4804 /* Common.m */,
				EC84232D1ADF8C30008D4804 /* Constants.h */,
				EC84232E1ADF8C30008D4804 /* Context.h */,
				EC84232F1ADF8C30008D4804 /* Context.m */,
				5D1447F01ADFAB4800A3E2A1 /* HttpRequestManager.h */,
				5D1447F11ADFAB4800A3E2A1 /* HttpRequestManager.m */,
				5D1447F31AE0B14600A3E2A1 /* LocationHelper.h */,
				5D1447F41AE0B14600A3E2A1 /* LocationHelper.m */,
				5D9BCA981AE355BD00EAD869 /* Utils.h */,
				5D9BCA991AE355BD00EAD869 /* Utils.m */,
			);
			path = Untils;
			sourceTree = "<group>";
		};
		5D0FEF3E1ADE3D4A00AA5A47 /* Views */ = {
			isa = PBXGroup;
			children = (
				5D0FEF411ADE3EF800AA5A47 /* ChooseAlert.xib */,
				5D0FEF431ADE43E700AA5A47 /* ChooseAlert.h */,
				5D0FEF441ADE43E700AA5A47 /* ChooseAlert.m */,
				5D9BCA911AE295E900EAD869 /* MainFooterSubView.xib */,
				5D9BCA931AE2A0B500EAD869 /* MainTableHeaderView.xib */,
				5D9BCA951AE2A0E100EAD869 /* MainTableHeaderView.h */,
				5D9BCA961AE2A0E100EAD869 /* MainTableHeaderView.m */,
				ECD242841AE767970055CDCD /* FeeHeaderView.h */,
				ECD242851AE767970055CDCD /* FeeHeaderView.m */,
				ECD242891AE768430055CDCD /* FeeHeaderView.xib */,
				5D0C57B11AE78D3E000530C3 /* LoadMoreViewInTopVC.h */,
				5D0C57B21AE78D3E000530C3 /* LoadMoreViewInTopVC.m */,
				5D0C57B61AE78D9F000530C3 /* LoadMoreViewInTopVC.xib */,
			);
			path = Views;
			sourceTree = "<group>";
		};
		5D1468CD1ADCAD2200962988 /* Localized */ = {
			isa = PBXGroup;
			children = (
				5D2FD4B71AE495F500A69055 /* AFNetworking.strings */,
			);
			path = Localized;
			sourceTree = "<group>";
		};
		5D1468D61ADCF61F00962988 /* Model */ = {
			isa = PBXGroup;
			children = (
				EC84234D1AE2A75F008D4804 /* Body.h */,
				EC84234E1AE2A75F008D4804 /* Body.m */,
				EC84234F1AE2A75F008D4804 /* Header.h */,
				EC8423501AE2A75F008D4804 /* Header.m */,
				EC8423511AE2A75F008D4804 /* Request.h */,
				EC8423521AE2A75F008D4804 /* Request.m */,
				EC8423531AE2A75F008D4804 /* RequestParam.h */,
				EC8423541AE2A75F008D4804 /* RequestParam.m */,
				EC84235F1AE3CEFF008D4804 /* ResultRespond.h */,
				EC8423601AE3CEFF008D4804 /* ResultRespond.m */,
				EC8423591AE3CCE7008D4804 /* Engineers.h */,
				EC84235A1AE3CCE8008D4804 /* Engineers.m */,
				EC84235C1AE3CCFB008D4804 /* Engineer.h */,
				EC84235D1AE3CCFB008D4804 /* Engineer.m */,
				EC8423621AE3D05F008D4804 /* DeviceParams.h */,
				EC8423631AE3D05F008D4804 /* DeviceParams.m */,
				EC8423651AE3D06C008D4804 /* DeviceParam.h */,
				EC8423661AE3D06C008D4804 /* DeviceParam.m */,
				EC8423681AE3D2E1008D4804 /* Orders.h */,
				EC8423691AE3D2E1008D4804 /* Orders.m */,
				EC84236B1AE3D338008D4804 /* Order.h */,
				EC84236C1AE3D338008D4804 /* Order.m */,
			);
			path = Model;
			sourceTree = "<group>";
		};
		5D1918E31ADB990D00C7AE60 = {
			isa = PBXGroup;
			children = (
				5D1918EE1ADB990D00C7AE60 /* iDuoYu */,
				5D1919081ADB990D00C7AE60 /* iDuoYuTests */,
				5D1918ED1ADB990D00C7AE60 /* Products */,
				9B3E42893C32E0AF4D3D0372 /* Pods */,
				13ACEE2E785C10D36A7A2C38 /* Frameworks */,
			);
			sourceTree = "<group>";
		};
		5D1918ED1ADB990D00C7AE60 /* Products */ = {
			isa = PBXGroup;
			children = (
				5D1918EC1ADB990D00C7AE60 /* iDuoYu.app */,
				5D1919051ADB990D00C7AE60 /* iDuoYuTests.xctest */,
			);
			name = Products;
			sourceTree = "<group>";
		};
		5D1918EE1ADB990D00C7AE60 /* iDuoYu */ = {
			isa = PBXGroup;
			children = (
				5D7001141AE48C660016AF1D /* Cells */,
				EC84236E1AE3D43F008D4804 /* Service */,
				5D0FEF3E1ADE3D4A00AA5A47 /* Views */,
				5D0FEF381ADE043600AA5A47 /* Untils */,
				EC0914F91ADE31DB001599C1 /* View Controller */,
				5D1468D61ADCF61F00962988 /* Model */,
				5D1918F31ADB990D00C7AE60 /* AppDelegate.h */,
				5D1918F41ADB990D00C7AE60 /* AppDelegate.m */,
				5D1918F61ADB990D00C7AE60 /* ViewController.h */,
				5D1918F71ADB990D00C7AE60 /* ViewController.m */,
				EC8423291ADF8815008D4804 /* banner.gif */,
				5D1918FC1ADB990D00C7AE60 /* Images.xcassets */,
				5D2FD4AE1AE495EA00A69055 /* LaunchScreen.xib */,
				5D2FD4B01AE495EA00A69055 /* Main.storyboard */,
				5D2FD4B21AE495EA00A69055 /* Menu.storyboard */,
				5D2FD4C31AE6854900A69055 /* OrderSearch.storyboard */,
				5D1918EF1ADB990D00C7AE60 /* Supporting Files */,
			);
			path = iDuoYu;
			sourceTree = "<group>";
		};
		5D1918EF1ADB990D00C7AE60 /* Supporting Files */ = {
			isa = PBXGroup;
			children = (
				5D1468CD1ADCAD2200962988 /* Localized */,
				5D1918F01ADB990D00C7AE60 /* Info.plist */,
				5D1918F11ADB990D00C7AE60 /* main.m */,
				EC8423351AE297B9008D4804 /* jsonEngineerListTest.json */,
				EC8423371AE29C6B008D4804 /* jsonRespondTest.json */,
				EC8423391AE29C8F008D4804 /* jsonBrandListTest.json */,
				EC84233B1AE29CB4008D4804 /* jsonOrderListTest.json */,
				EC84233D1AE29D6B008D4804 /* jsonVersionListTest.json */,
				EC84233F1AE29DB3008D4804 /* jsonColorListTest.json */,
				EC8423411AE29E2C008D4804 /* jsonFaultListTest.json */,
				EC8423431AE29E57008D4804 /* jsonFaultDetailListTest.json */,
				EC8423451AE29E90008D4804 /* jsonSolutionRepairListTest.json */,
				EC8423471AE29EA8008D4804 /* jsonSolutionSellListTest.json */,
				EC8423491AE29EC5008D4804 /* jsonRomListTest.json */,
				EC84234B1AE29EE1008D4804 /* jsonBuyChannelListTest.json */,
			);
			name = "Supporting Files";
			sourceTree = "<group>";
		};
		5D1919081ADB990D00C7AE60 /* iDuoYuTests */ = {
			isa = PBXGroup;
			children = (
				5D19190B1ADB990D00C7AE60 /* iDuoYuTests.m */,
				5D1919091ADB990D00C7AE60 /* Supporting Files */,
			);
			path = iDuoYuTests;
			sourceTree = "<group>";
		};
		5D1919091ADB990D00C7AE60 /* Supporting Files */ = {
			isa = PBXGroup;
			children = (
				5D19190A1ADB990D00C7AE60 /* Info.plist */,
			);
			name = "Supporting Files";
			sourceTree = "<group>";
		};
		5D7001141AE48C660016AF1D /* Cells */ = {
			isa = PBXGroup;
			children = (
				5D2FD4D21AE69ED200A69055 /* EngineerCell.xib */,
				5D2FD4CB1AE69C5500A69055 /* OrderDetailCell.h */,
				5D2FD4CC1AE69C5500A69055 /* OrderDetailCell.m */,
				5D7001151AE48C660016AF1D /* CellNormal.h */,
				5D7001161AE48C660016AF1D /* CellNormal.m */,
				5D7001171AE48C660016AF1D /* CellWithImage.h */,
				5D7001181AE48C660016AF1D /* CellWithImage.m */,
				5D7001191AE48C660016AF1D /* EngineerCell.h */,
				5D70011A1AE48C660016AF1D /* EngineerCell.m */,
				5D70011B1AE48C660016AF1D /* MainCell.h */,
				5D70011C1AE48C660016AF1D /* MainCell.m */,
				EC592FB61AE55EDE00E6CFD1 /* MenuCell.h */,
				EC592FB71AE55EDE00E6CFD1 /* MenuCell.m */,
				EC592FBF1AE6437100E6CFD1 /* SolutionCell.h */,
				EC592FC01AE6437100E6CFD1 /* SolutionCell.m */,
				EC592FC11AE6437100E6CFD1 /* SolutionCell.xib */,
				EC592FCA1AE6AA1200E6CFD1 /* FeeCell.h */,
				EC592FCB1AE6AA1200E6CFD1 /* FeeCell.m */,
			);
			path = Cells;
			sourceTree = "<group>";
		};
		9B3E42893C32E0AF4D3D0372 /* Pods */ = {
			isa = PBXGroup;
			children = (
				94505914FD809EA2680D6802 /* Pods-iDuoYu.debug.xcconfig */,
				D81E62E72F57F23556EF23AD /* Pods-iDuoYu.release.xcconfig */,
			);
			name = Pods;
			sourceTree = "<group>";
		};
		EC0914F91ADE31DB001599C1 /* View Controller */ = {
			isa = PBXGroup;
			children = (
				EC0915101ADE5D53001599C1 /* MainViewController.h */,
				EC0915111ADE5D53001599C1 /* MainViewController.m */,
				EC0915151ADE5E50001599C1 /* InitialSlidingViewController.h */,
				EC0915161ADE5E50001599C1 /* InitialSlidingViewController.m */,
				EC0915181ADE5E79001599C1 /* MenuViewController.h */,
				EC0915191ADE5E79001599C1 /* MenuViewController.m */,
				EC8423241ADF61AD008D4804 /* NavigationFirstViewController.h */,
				EC8423251ADF61AD008D4804 /* NavigationFirstViewController.m */,
				5D9BCA9B1AE37B7400EAD869 /* StepsSelectTableViewController.h */,
				5D9BCA9C1AE37B7400EAD869 /* StepsSelectTableViewController.m */,
				5D2FD4BC1AE549D100A69055 /* TopViewController.h */,
				5D2FD4BD1AE549D100A69055 /* TopViewController.m */,
				5D2FD4C51AE6895600A69055 /* OrderSearchViewController.h */,
				5D2FD4C61AE6895600A69055 /* OrderSearchViewController.m */,
				EC592FC71AE6A5F700E6CFD1 /* ShowFeeTableViewController.h */,
				EC592FC81AE6A5F700E6CFD1 /* ShowFeeTableViewController.m */,
				ECD2428B1AE799800055CDCD /* CustomerViewController.h */,
				ECD2428C1AE799800055CDCD /* CustomerViewController.m */,
				ECD2428E1AE7EF320055CDCD /* OrderSuccessViewController.h */,
				ECD2428F1AE7EF320055CDCD /* OrderSuccessViewController.m */,
			);
			name = "View Controller";
			sourceTree = "<group>";
		};
		EC84236E1AE3D43F008D4804 /* Service */ = {
			isa = PBXGroup;
			children = (
				EC84236F1AE3DA37008D4804 /* OrderService.h */,
				EC8423701AE3DA37008D4804 /* OrderService.m */,
			);
			name = Service;
			sourceTree = "<group>";
		};
/* End PBXGroup section */

/* Begin PBXNativeTarget section */
		5D1918EB1ADB990D00C7AE60 /* iDuoYu */ = {
			isa = PBXNativeTarget;
			buildConfigurationList = 5D19190F1ADB990D00C7AE60 /* Build configuration list for PBXNativeTarget "iDuoYu" */;
			buildPhases = (
				56251CFB7715FFEB957BC5DF /* Check Pods Manifest.lock */,
				5D1918E81ADB990D00C7AE60 /* Sources */,
				5D1918E91ADB990D00C7AE60 /* Frameworks */,
				5D1918EA1ADB990D00C7AE60 /* Resources */,
				445F594B597596D063284874 /* Copy Pods Resources */,
			);
			buildRules = (
			);
			dependencies = (
			);
			name = iDuoYu;
			productName = iDuoYu;
			productReference = 5D1918EC1ADB990D00C7AE60 /* iDuoYu.app */;
			productType = "com.apple.product-type.application";
		};
		5D1919041ADB990D00C7AE60 /* iDuoYuTests */ = {
			isa = PBXNativeTarget;
			buildConfigurationList = 5D1919121ADB990D00C7AE60 /* Build configuration list for PBXNativeTarget "iDuoYuTests" */;
			buildPhases = (
				5D1919011ADB990D00C7AE60 /* Sources */,
				5D1919021ADB990D00C7AE60 /* Frameworks */,
				5D1919031ADB990D00C7AE60 /* Resources */,
			);
			buildRules = (
			);
			dependencies = (
				5D1919071ADB990D00C7AE60 /* PBXTargetDependency */,
			);
			name = iDuoYuTests;
			productName = iDuoYuTests;
			productReference = 5D1919051ADB990D00C7AE60 /* iDuoYuTests.xctest */;
			productType = "com.apple.product-type.bundle.unit-test";
		};
/* End PBXNativeTarget section */

/* Begin PBXProject section */
		5D1918E41ADB990D00C7AE60 /* Project object */ = {
			isa = PBXProject;
			attributes = {
				LastUpgradeCheck = 0630;
				ORGANIZATIONNAME = iduoyu.com;
				TargetAttributes = {
					5D1918EB1ADB990D00C7AE60 = {
						CreatedOnToolsVersion = 6.3;
					};
					5D1919041ADB990D00C7AE60 = {
						CreatedOnToolsVersion = 6.3;
						TestTargetID = 5D1918EB1ADB990D00C7AE60;
					};
				};
			};
			buildConfigurationList = 5D1918E71ADB990D00C7AE60 /* Build configuration list for PBXProject "iDuoYu" */;
			compatibilityVersion = "Xcode 3.2";
			developmentRegion = English;
			hasScannedForEncodings = 0;
			knownRegions = (
				en,
				Base,
				"zh-Hans",
			);
			mainGroup = 5D1918E31ADB990D00C7AE60;
			productRefGroup = 5D1918ED1ADB990D00C7AE60 /* Products */;
			projectDirPath = "";
			projectRoot = "";
			targets = (
				5D1918EB1ADB990D00C7AE60 /* iDuoYu */,
				5D1919041ADB990D00C7AE60 /* iDuoYuTests */,
			);
		};
/* End PBXProject section */

/* Begin PBXResourcesBuildPhase section */
		5D1918EA1ADB990D00C7AE60 /* Resources */ = {
			isa = PBXResourcesBuildPhase;
			buildActionMask = 2147483647;
			files = (
				EC8423421AE29E2C008D4804 /* jsonFaultListTest.json in Resources */,
				5D0C57B71AE78D9F000530C3 /* LoadMoreViewInTopVC.xib in Resources */,
				EC84233A1AE29C8F008D4804 /* jsonBrandListTest.json in Resources */,
				EC8423381AE29C6B008D4804 /* jsonRespondTest.json in Resources */,
				EC8423361AE297B9008D4804 /* jsonEngineerListTest.json in Resources */,
				EC84232A1ADF8815008D4804 /* banner.gif in Resources */,
				EC8423441AE29E57008D4804 /* jsonFaultDetailListTest.json in Resources */,
				EC84233E1AE29D6B008D4804 /* jsonVersionListTest.json in Resources */,
				EC8423401AE29DB3008D4804 /* jsonColorListTest.json in Resources */,
				EC592FC31AE6437100E6CFD1 /* SolutionCell.xib in Resources */,
				5D2FD4C41AE6854900A69055 /* OrderSearch.storyboard in Resources */,
				EC8423481AE29EA8008D4804 /* jsonSolutionSellListTest.json in Resources */,
				EC84234A1AE29EC5008D4804 /* jsonRomListTest.json in Resources */,
				EC84234C1AE29EE1008D4804 /* jsonBuyChannelListTest.json in Resources */,
				EC84233C1AE29CB4008D4804 /* jsonOrderListTest.json in Resources */,
				EC8423461AE29E90008D4804 /* jsonSolutionRepairListTest.json in Resources */,
				5D0FEF421ADE3EF800AA5A47 /* ChooseAlert.xib in Resources */,
				5D1918FD1ADB990D00C7AE60 /* Images.xcassets in Resources */,
				5D2FD4B91AE495F500A69055 /* AFNetworking.strings in Resources */,
				5D2FD4B61AE495EA00A69055 /* Menu.storyboard in Resources */,
				5D9BCA941AE2A0B500EAD869 /* MainTableHeaderView.xib in Resources */,
				5D2FD4B41AE495EA00A69055 /* LaunchScreen.xib in Resources */,
				5D2FD4B51AE495EA00A69055 /* Main.storyboard in Resources */,
				5D2FD4D31AE69ED200A69055 /* EngineerCell.xib in Resources */,
				ECD2428A1AE768430055CDCD /* FeeHeaderView.xib in Resources */,
				5D9BCA921AE295E900EAD869 /* MainFooterSubView.xib in Resources */,
			);
			runOnlyForDeploymentPostprocessing = 0;
		};
		5D1919031ADB990D00C7AE60 /* Resources */ = {
			isa = PBXResourcesBuildPhase;
			buildActionMask = 2147483647;
			files = (
			);
			runOnlyForDeploymentPostprocessing = 0;
		};
/* End PBXResourcesBuildPhase section */

/* Begin PBXShellScriptBuildPhase section */
		445F594B597596D063284874 /* Copy Pods Resources */ = {
			isa = PBXShellScriptBuildPhase;
			buildActionMask = 2147483647;
			files = (
			);
			inputPaths = (
			);
			name = "Copy Pods Resources";
			outputPaths = (
			);
			runOnlyForDeploymentPostprocessing = 0;
			shellPath = /bin/sh;
			shellScript = "\"${SRCROOT}/Pods/Target Support Files/Pods-iDuoYu/Pods-iDuoYu-resources.sh\"\n";
			showEnvVarsInLog = 0;
		};
		56251CFB7715FFEB957BC5DF /* Check Pods Manifest.lock */ = {
			isa = PBXShellScriptBuildPhase;
			buildActionMask = 2147483647;
			files = (
			);
			inputPaths = (
			);
			name = "Check Pods Manifest.lock";
			outputPaths = (
			);
			runOnlyForDeploymentPostprocessing = 0;
			shellPath = /bin/sh;
			shellScript = "diff \"${PODS_ROOT}/../Podfile.lock\" \"${PODS_ROOT}/Manifest.lock\" > /dev/null\nif [[ $? != 0 ]] ; then\n    cat << EOM\nerror: The sandbox is not in sync with the Podfile.lock. Run 'pod install' or update your CocoaPods installation.\nEOM\n    exit 1\nfi\n";
			showEnvVarsInLog = 0;
		};
/* End PBXShellScriptBuildPhase section */

/* Begin PBXSourcesBuildPhase section */
		5D1918E81ADB990D00C7AE60 /* Sources */ = {
			isa = PBXSourcesBuildPhase;
			buildActionMask = 2147483647;
			files = (
				5D2FD4BE1AE549D100A69055 /* TopViewController.m in Sources */,
				ECD242861AE767970055CDCD /* FeeHeaderView.m in Sources */,
				5D2FD4BB1AE4966400A69055 /* LocationHelper.m in Sources */,
				5D2FD4BA1AE4965F00A69055 /* MainTableHeaderView.m in Sources */,
				ECD2428D1AE799800055CDCD /* CustomerViewController.m in Sources */,
				5D2FD4CD1AE69C5500A69055 /* OrderDetailCell.m in Sources */,
				EC8423301ADF8C30008D4804 /* Common.m in Sources */,
				EC8423311ADF8C30008D4804 /* Context.m in Sources */,
				5D9BCA9A1AE355BD00EAD869 /* Utils.m in Sources */,
				5D1918F81ADB990D00C7AE60 /* ViewController.m in Sources */,
				5D70011E1AE48C660016AF1D /* CellWithImage.m in Sources */,
				EC8423581AE2A75F008D4804 /* RequestParam.m in Sources */,
				EC0915171ADE5E50001599C1 /* InitialSlidingViewController.m in Sources */,
				EC8423561AE2A75F008D4804 /* Header.m in Sources */,
				EC592FB81AE55EDE00E6CFD1 /* MenuCell.m in Sources */,
				5D70011D1AE48C660016AF1D /* CellNormal.m in Sources */,
				EC84236D1AE3D338008D4804 /* Order.m in Sources */,
				5D1447F21ADFAB4800A3E2A1 /* HttpRequestManager.m in Sources */,
				5D2FD4C71AE6895600A69055 /* OrderSearchViewController.m in Sources */,
				5D0FEF451ADE43E700AA5A47 /* ChooseAlert.m in Sources */,
				5D9BCA9D1AE37B7400EAD869 /* StepsSelectTableViewController.m in Sources */,
				EC8423261ADF61AD008D4804 /* NavigationFirstViewController.m in Sources */,
				EC84236A1AE3D2E1008D4804 /* Orders.m in Sources */,
				5D70011F1AE48C660016AF1D /* EngineerCell.m in Sources */,
				EC592FC91AE6A5F700E6CFD1 /* ShowFeeTableViewController.m in Sources */,
				EC0915131ADE5D53001599C1 /* MainViewController.m in Sources */,
				5D1918F51ADB990D00C7AE60 /* AppDelegate.m in Sources */,
				EC8423611AE3CEFF008D4804 /* ResultRespond.m in Sources */,
				5D7001201AE48C660016AF1D /* MainCell.m in Sources */,
				EC84235B1AE3CCE8008D4804 /* Engineers.m in Sources */,
				EC592FCC1AE6AA1200E6CFD1 /* FeeCell.m in Sources */,
				5D1918F21ADB990D00C7AE60 /* main.m in Sources */,
				EC8423641AE3D05F008D4804 /* DeviceParams.m in Sources */,
				EC8423671AE3D06C008D4804 /* DeviceParam.m in Sources */,
				5D0C57B31AE78D3E000530C3 /* LoadMoreViewInTopVC.m in Sources */,
				EC8423571AE2A75F008D4804 /* Request.m in Sources */,
				EC592FC21AE6437100E6CFD1 /* SolutionCell.m in Sources */,
				EC09151A1ADE5E79001599C1 /* MenuViewController.m in Sources */,
				ECD242901AE7EF320055CDCD /* OrderSuccessViewController.m in Sources */,
				EC8423551AE2A75F008D4804 /* Body.m in Sources */,
				EC8423711AE3DA37008D4804 /* OrderService.m in Sources */,
				EC84235E1AE3CCFB008D4804 /* Engineer.m in Sources */,
			);
			runOnlyForDeploymentPostprocessing = 0;
		};
		5D1919011ADB990D00C7AE60 /* Sources */ = {
			isa = PBXSourcesBuildPhase;
			buildActionMask = 2147483647;
			files = (
				5D19190C1ADB990D00C7AE60 /* iDuoYuTests.m in Sources */,
			);
			runOnlyForDeploymentPostprocessing = 0;
		};
/* End PBXSourcesBuildPhase section */

/* Begin PBXTargetDependency section */
		5D1919071ADB990D00C7AE60 /* PBXTargetDependency */ = {
			isa = PBXTargetDependency;
			target = 5D1918EB1ADB990D00C7AE60 /* iDuoYu */;
			targetProxy = 5D1919061ADB990D00C7AE60 /* PBXContainerItemProxy */;
		};
/* End PBXTargetDependency section */

/* Begin PBXVariantGroup section */
		5D2FD4AE1AE495EA00A69055 /* LaunchScreen.xib */ = {
			isa = PBXVariantGroup;
			children = (
				5D2FD4AF1AE495EA00A69055 /* Base */,
			);
			name = LaunchScreen.xib;
			sourceTree = "<group>";
		};
		5D2FD4B01AE495EA00A69055 /* Main.storyboard */ = {
			isa = PBXVariantGroup;
			children = (
				5D2FD4B11AE495EA00A69055 /* Base */,
			);
			name = Main.storyboard;
			sourceTree = "<group>";
		};
		5D2FD4B21AE495EA00A69055 /* Menu.storyboard */ = {
			isa = PBXVariantGroup;
			children = (
				5D2FD4B31AE495EA00A69055 /* Base */,
			);
			name = Menu.storyboard;
			sourceTree = "<group>";
		};
		5D2FD4B71AE495F500A69055 /* AFNetworking.strings */ = {
			isa = PBXVariantGroup;
			children = (
				5D2FD4B81AE495F500A69055 /* zh-Hans */,
			);
			name = AFNetworking.strings;
			sourceTree = "<group>";
		};
/* End PBXVariantGroup section */

/* Begin XCBuildConfiguration section */
		5D19190D1ADB990D00C7AE60 /* Debug */ = {
			isa = XCBuildConfiguration;
			buildSettings = {
				ALWAYS_SEARCH_USER_PATHS = NO;
				CLANG_CXX_LANGUAGE_STANDARD = "gnu++0x";
				CLANG_CXX_LIBRARY = "libc++";
				CLANG_ENABLE_MODULES = YES;
				CLANG_ENABLE_OBJC_ARC = YES;
				CLANG_WARN_BOOL_CONVERSION = YES;
				CLANG_WARN_CONSTANT_CONVERSION = YES;
				CLANG_WARN_DIRECT_OBJC_ISA_USAGE = YES_ERROR;
				CLANG_WARN_EMPTY_BODY = YES;
				CLANG_WARN_ENUM_CONVERSION = YES;
				CLANG_WARN_INT_CONVERSION = YES;
				CLANG_WARN_OBJC_ROOT_CLASS = YES_ERROR;
				CLANG_WARN_UNREACHABLE_CODE = YES;
				CLANG_WARN__DUPLICATE_METHOD_MATCH = YES;
				"CODE_SIGN_IDENTITY[sdk=iphoneos*]" = "iPhone Developer";
				COPY_PHASE_STRIP = NO;
				DEBUG_INFORMATION_FORMAT = "dwarf-with-dsym";
				ENABLE_STRICT_OBJC_MSGSEND = YES;
				GCC_C_LANGUAGE_STANDARD = gnu99;
				GCC_DYNAMIC_NO_PIC = NO;
				GCC_NO_COMMON_BLOCKS = YES;
				GCC_OPTIMIZATION_LEVEL = 0;
				GCC_PREPROCESSOR_DEFINITIONS = (
					"DEBUG=1",
					"$(inherited)",
				);
				GCC_SYMBOLS_PRIVATE_EXTERN = NO;
				GCC_WARN_64_TO_32_BIT_CONVERSION = YES;
				GCC_WARN_ABOUT_RETURN_TYPE = YES_ERROR;
				GCC_WARN_UNDECLARED_SELECTOR = YES;
				GCC_WARN_UNINITIALIZED_AUTOS = YES_AGGRESSIVE;
				GCC_WARN_UNUSED_FUNCTION = YES;
				GCC_WARN_UNUSED_VARIABLE = YES;
				IPHONEOS_DEPLOYMENT_TARGET = 6.0;
				MTL_ENABLE_DEBUG_INFO = YES;
				ONLY_ACTIVE_ARCH = YES;
				SDKROOT = iphoneos;
				TARGETED_DEVICE_FAMILY = "1,2";
			};
			name = Debug;
		};
		5D19190E1ADB990D00C7AE60 /* Release */ = {
			isa = XCBuildConfiguration;
			buildSettings = {
				ALWAYS_SEARCH_USER_PATHS = NO;
				CLANG_CXX_LANGUAGE_STANDARD = "gnu++0x";
				CLANG_CXX_LIBRARY = "libc++";
				CLANG_ENABLE_MODULES = YES;
				CLANG_ENABLE_OBJC_ARC = YES;
				CLANG_WARN_BOOL_CONVERSION = YES;
				CLANG_WARN_CONSTANT_CONVERSION = YES;
				CLANG_WARN_DIRECT_OBJC_ISA_USAGE = YES_ERROR;
				CLANG_WARN_EMPTY_BODY = YES;
				CLANG_WARN_ENUM_CONVERSION = YES;
				CLANG_WARN_INT_CONVERSION = YES;
				CLANG_WARN_OBJC_ROOT_CLASS = YES_ERROR;
				CLANG_WARN_UNREACHABLE_CODE = YES;
				CLANG_WARN__DUPLICATE_METHOD_MATCH = YES;
				"CODE_SIGN_IDENTITY[sdk=iphoneos*]" = "iPhone Developer";
				COPY_PHASE_STRIP = NO;
				DEBUG_INFORMATION_FORMAT = "dwarf-with-dsym";
				ENABLE_NS_ASSERTIONS = NO;
				ENABLE_STRICT_OBJC_MSGSEND = YES;
				GCC_C_LANGUAGE_STANDARD = gnu99;
				GCC_NO_COMMON_BLOCKS = YES;
				GCC_WARN_64_TO_32_BIT_CONVERSION = YES;
				GCC_WARN_ABOUT_RETURN_TYPE = YES_ERROR;
				GCC_WARN_UNDECLARED_SELECTOR = YES;
				GCC_WARN_UNINITIALIZED_AUTOS = YES_AGGRESSIVE;
				GCC_WARN_UNUSED_FUNCTION = YES;
				GCC_WARN_UNUSED_VARIABLE = YES;
				IPHONEOS_DEPLOYMENT_TARGET = 6.0;
				MTL_ENABLE_DEBUG_INFO = NO;
				SDKROOT = iphoneos;
				TARGETED_DEVICE_FAMILY = "1,2";
				VALIDATE_PRODUCT = YES;
			};
			name = Release;
		};
		5D1919101ADB990D00C7AE60 /* Debug */ = {
			isa = XCBuildConfiguration;
			baseConfigurationReference = 94505914FD809EA2680D6802 /* Pods-iDuoYu.debug.xcconfig */;
			buildSettings = {
				ASSETCATALOG_COMPILER_APPICON_NAME = AppIcon;
				ASSETCATALOG_COMPILER_LAUNCHIMAGE_NAME = LaunchImage;
				CODE_SIGN_IDENTITY = "iPhone Developer: Xu Chen (Y67EZA2568)";
				"CODE_SIGN_IDENTITY[sdk=iphoneos*]" = "iPhone Developer: Xu Chen (Y67EZA2568)";
				INFOPLIST_FILE = iDuoYu/Info.plist;
				IPHONEOS_DEPLOYMENT_TARGET = 6.0;
				LD_RUNPATH_SEARCH_PATHS = "$(inherited) @executable_path/Frameworks";
				PRODUCT_NAME = "$(TARGET_NAME)";
				PROVISIONING_PROFILE = "d5a0f9e1-ba2a-4707-9c13-1ec7dfa668b9";
			};
			name = Debug;
		};
		5D1919111ADB990D00C7AE60 /* Release */ = {
			isa = XCBuildConfiguration;
			baseConfigurationReference = D81E62E72F57F23556EF23AD /* Pods-iDuoYu.release.xcconfig */;
			buildSettings = {
				ASSETCATALOG_COMPILER_APPICON_NAME = AppIcon;
				ASSETCATALOG_COMPILER_LAUNCHIMAGE_NAME = LaunchImage;
				CODE_SIGN_IDENTITY = "iPhone Developer: Xu Chen (Y67EZA2568)";
				INFOPLIST_FILE = iDuoYu/Info.plist;
				IPHONEOS_DEPLOYMENT_TARGET = 6.0;
				LD_RUNPATH_SEARCH_PATHS = "$(inherited) @executable_path/Frameworks";
				PRODUCT_NAME = "$(TARGET_NAME)";
				PROVISIONING_PROFILE = "d5a0f9e1-ba2a-4707-9c13-1ec7dfa668b9";
			};
			name = Release;
		};
		5D1919131ADB990D00C7AE60 /* Debug */ = {
			isa = XCBuildConfiguration;
			buildSettings = {
				BUNDLE_LOADER = "$(TEST_HOST)";
				FRAMEWORK_SEARCH_PATHS = (
					"$(SDKROOT)/Developer/Library/Frameworks",
					"$(inherited)",
				);
				GCC_PREPROCESSOR_DEFINITIONS = (
					"DEBUG=1",
					"$(inherited)",
				);
				INFOPLIST_FILE = iDuoYuTests/Info.plist;
				LD_RUNPATH_SEARCH_PATHS = "$(inherited) @executable_path/Frameworks @loader_path/Frameworks";
				PRODUCT_NAME = "$(TARGET_NAME)";
				TEST_HOST = "$(BUILT_PRODUCTS_DIR)/iDuoYu.app/iDuoYu";
			};
			name = Debug;
		};
		5D1919141ADB990D00C7AE60 /* Release */ = {
			isa = XCBuildConfiguration;
			buildSettings = {
				BUNDLE_LOADER = "$(TEST_HOST)";
				FRAMEWORK_SEARCH_PATHS = (
					"$(SDKROOT)/Developer/Library/Frameworks",
					"$(inherited)",
				);
				INFOPLIST_FILE = iDuoYuTests/Info.plist;
				LD_RUNPATH_SEARCH_PATHS = "$(inherited) @executable_path/Frameworks @loader_path/Frameworks";
				PRODUCT_NAME = "$(TARGET_NAME)";
				TEST_HOST = "$(BUILT_PRODUCTS_DIR)/iDuoYu.app/iDuoYu";
			};
			name = Release;
		};
/* End XCBuildConfiguration section */

/* Begin XCConfigurationList section */
		5D1918E71ADB990D00C7AE60 /* Build configuration list for PBXProject "iDuoYu" */ = {
			isa = XCConfigurationList;
			buildConfigurations = (
				5D19190D1ADB990D00C7AE60 /* Debug */,
				5D19190E1ADB990D00C7AE60 /* Release */,
			);
			defaultConfigurationIsVisible = 0;
			defaultConfigurationName = Release;
		};
		5D19190F1ADB990D00C7AE60 /* Build configuration list for PBXNativeTarget "iDuoYu" */ = {
			isa = XCConfigurationList;
			buildConfigurations = (
				5D1919101ADB990D00C7AE60 /* Debug */,
				5D1919111ADB990D00C7AE60 /* Release */,
			);
			defaultConfigurationIsVisible = 0;
			defaultConfigurationName = Release;
		};
		5D1919121ADB990D00C7AE60 /* Build configuration list for PBXNativeTarget "iDuoYuTests" */ = {
			isa = XCConfigurationList;
			buildConfigurations = (
				5D1919131ADB990D00C7AE60 /* Debug */,
				5D1919141ADB990D00C7AE60 /* Release */,
			);
			defaultConfigurationIsVisible = 0;
			defaultConfigurationName = Release;
		};
/* End XCConfigurationList section */
	};
	rootObject = 5D1918E41ADB990D00C7AE60 /* Project object */;
}
